// !$*UTF8*$!
{
	archiveVersion = 1;
	classes = {
	};
	objectVersion = 46;
	objects = {

/* Begin PBXBuildFile section */
		BAFCDE671DAB791A00E15336 /* main.m in Sources */ = {isa = PBXBuildFile; fileRef = BAFCDE661DAB791A00E15336 /* main.m */; };
		BAFCDE6A1DAB791A00E15336 /* AppDelegate.m in Sources */ = {isa = PBXBuildFile; fileRef = BAFCDE691DAB791A00E15336 /* AppDelegate.m */; };
		BAFCDE6D1DAB791A00E15336 /* ViewController.m in Sources */ = {isa = PBXBuildFile; fileRef = BAFCDE6C1DAB791A00E15336 /* ViewController.m */; };
		BAFCDE701DAB791A00E15336 /* Main.storyboard in Resources */ = {isa = PBXBuildFile; fileRef = BAFCDE6E1DAB791A00E15336 /* Main.storyboard */; };
		BAFCDE721DAB791A00E15336 /* Assets.xcassets in Resources */ = {isa = PBXBuildFile; fileRef = BAFCDE711DAB791A00E15336 /* Assets.xcassets */; };
		BAFCDE751DAB791A00E15336 /* LaunchScreen.storyboard in Resources */ = {isa = PBXBuildFile; fileRef = BAFCDE731DAB791A00E15336 /* LaunchScreen.storyboard */; };
		BAFCDE7E1DAB79E700E15336 /* RootViewController.m in Sources */ = {isa = PBXBuildFile; fileRef = BAFCDE7D1DAB79E600E15336 /* RootViewController.m */; };
		BAFCDE811DAB7A0600E15336 /* Person.m in Sources */ = {isa = PBXBuildFile; fileRef = BAFCDE801DAB7A0600E15336 /* Person.m */; };
/* End PBXBuildFile section */

/* Begin PBXFileReference section */
		BAFCDE621DAB791A00E15336 /* Block.app */ = {isa = PBXFileReference; explicitFileType = wrapper.application; includeInIndex = 0; path = Block.app; sourceTree = BUILT_PRODUCTS_DIR; };
		BAFCDE661DAB791A00E15336 /* main.m */ = {isa = PBXFileReference; lastKnownFileType = sourcecode.c.objc; path = main.m; sourceTree = "<group>"; };
		BAFCDE681DAB791A00E15336 /* AppDelegate.h */ = {isa = PBXFileReference; lastKnownFileType = sourcecode.c.h; path = AppDelegate.h; sourceTree = "<group>"; };
		BAFCDE691DAB791A00E15336 /* AppDelegate.m */ = {isa = PBXFileReference; lastKnownFileType = sourcecode.c.objc; path = AppDelegate.m; sourceTree = "<group>"; };
		BAFCDE6B1DAB791A00E15336 /* ViewController.h */ = {isa = PBXFileReference; lastKnownFileType = sourcecode.c.h; path = ViewController.h; sourceTree = "<group>"; };
		BAFCDE6C1DAB791A00E15336 /* ViewController.m */ = {isa = PBXFileReference; lastKnownFileType = sourcecode.c.objc; path = ViewController.m; sourceTree = "<group>"; };
		BAFCDE6F1DAB791A00E15336 /* Base */ = {isa = PBXFileReference; lastKnownFileType = file.storyboard; name = Base; path = Base.lproj/Main.storyboard; sourceTree = "<group>"; };
		BAFCDE711DAB791A00E15336 /* Assets.xcassets */ = {isa = PBXFileReference; lastKnownFileType = folder.assetcatalog; path = Assets.xcassets; sourceTree = "<group>"; };
		BAFCDE741DAB791A00E15336 /* Base */ = {isa = PBXFileReference; lastKnownFileType = file.storyboard; name = Base; path = Base.lproj/LaunchScreen.storyboard; sourceTree = "<group>"; };
		BAFCDE761DAB791A00E15336 /* Info.plist */ = {isa = PBXFileReference; lastKnownFileType = text.plist.xml; path = Info.plist; sourceTree = "<group>"; };
		BAFCDE7C1DAB79E600E15336 /* RootViewController.h */ = {isa = PBXFileReference; fileEncoding = 4; lastKnownFileType = sourcecode.c.h; path = RootViewController.h; sourceTree = "<group>"; };
		BAFCDE7D1DAB79E600E15336 /* RootViewController.m */ = {isa = PBXFileReference; fileEncoding = 4; lastKnownFileType = sourcecode.c.objc; path = RootViewController.m; sourceTree = "<group>"; };
		BAFCDE7F1DAB7A0600E15336 /* Person.h */ = {isa = PBXFileReference; fileEncoding = 4; lastKnownFileType = sourcecode.c.h; path = Person.h; sourceTree = "<group>"; };
		BAFCDE801DAB7A0600E15336 /* Person.m */ = {isa = PBXFileReference; fileEncoding = 4; lastKnownFileType = sourcecode.c.objc; path = Person.m; sourceTree = "<group>"; };
/* End PBXFileReference section */

/* Begin PBXFrameworksBuildPhase section */
		BAFCDE5F1DAB791A00E15336 /* Frameworks */ = {
			isa = PBXFrameworksBuildPhase;
			buildActionMask = 2147483647;
			files = (
			);
			runOnlyForDeploymentPostprocessing = 0;
		};
/* End PBXFrameworksBuildPhase section */

/* Begin PBXGroup section */
		BAFCDE591DAB791A00E15336 = {
			isa = PBXGroup;
			children = (
				BAFCDE641DAB791A00E15336 /* Block */,
				BAFCDE631DAB791A00E15336 /* Products */,
			);
			sourceTree = "<group>";
		};
		BAFCDE631DAB791A00E15336 /* Products */ = {
			isa = PBXGroup;
			children = (
				BAFCDE621DAB791A00E15336 /* Block.app */,
			);
			name = Products;
			sourceTree = "<group>";
		};
		BAFCDE641DAB791A00E15336 /* Block */ = {
			isa = PBXGroup;
			children = (
				BAFCDE681DAB791A00E15336 /* AppDelegate.h */,
				BAFCDE691DAB791A00E15336 /* AppDelegate.m */,
				BAFCDE7C1DAB79E600E15336 /* RootViewController.h */,
				BAFCDE7D1DAB79E600E15336 /* RootViewController.m */,
				BAFCDE6B1DAB791A00E15336 /* ViewController.h */,
				BAFCDE6C1DAB791A00E15336 /* ViewController.m */,
				BAFCDE7F1DAB7A0600E15336 /* Person.h */,
				BAFCDE801DAB7A0600E15336 /* Person.m */,
				BAFCDE6E1DAB791A00E15336 /* Main.storyboard */,
				BAFCDE711DAB791A00E15336 /* Assets.xcassets */,
				BAFCDE731DAB791A00E15336 /* LaunchScreen.storyboard */,
				BAFCDE761DAB791A00E15336 /* Info.plist */,
				BAFCDE651DAB791A00E15336 /* Supporting Files */,
			);
			path = Block;
			sourceTree = "<group>";
		};
		BAFCDE651DAB791A00E15336 /* Supporting Files */ = {
			isa = PBXGroup;
			children = (
				BAFCDE661DAB791A00E15336 /* main.m */,
			);
			name = "Supporting Files";
			sourceTree = "<group>";
		};
/* End PBXGroup section */

/* Begin PBXNativeTarget section */
		BAFCDE611DAB791A00E15336 /* Block */ = {
			isa = PBXNativeTarget;
			buildConfigurationList = BAFCDE791DAB791A00E15336 /* Build configuration list for PBXNativeTarget "Block" */;
			buildPhases = (
				BAFCDE5E1DAB791A00E15336 /* Sources */,
				BAFCDE5F1DAB791A00E15336 /* Frameworks */,
				BAFCDE601DAB791A00E15336 /* Resources */,
			);
			buildRules = (
			);
			dependencies = (
			);
			name = Block;
			productName = Block;
			productReference = BAFCDE621DAB791A00E15336 /* Block.app */;
			productType = "com.apple.product-type.application";
		};
/* End PBXNativeTarget section */

/* Begin PBXProject section */
		BAFCDE5A1DAB791A00E15336 /* Project object */ = {
			isa = PBXProject;
			attributes = {
				LastUpgradeCheck = 0800;
				ORGANIZATIONNAME = Carouesl;
				TargetAttributes = {
					BAFCDE611DAB791A00E15336 = {
						CreatedOnToolsVersion = 8.0;
						ProvisioningStyle = Automatic;
					};
				};
			};
			buildConfigurationList = BAFCDE5D1DAB791A00E15336 /* Build configuration list for PBXProject "Block" */;
			compatibilityVersion = "Xcode 3.2";
			developmentRegion = English;
			hasScannedForEncodings = 0;
			knownRegions = (
				en,
				Base,
			);
			mainGroup = BAFCDE591DAB791A00E15336;
			productRefGroup = BAFCDE631DAB791A00E15336 /* Products */;
			projectDirPath = "";
			projectRoot = "";
			targets = (
				BAFCDE611DAB791A00E15336 /* Block */,
			);
		};
/* End PBXProject section */

/* Begin PBXResourcesBuildPhase section */
		BAFCDE601DAB791A00E15336 /* Resources */ = {
			isa = PBXResourcesBuildPhase;
			buildActionMask = 2147483647;
			files = (
				BAFCDE751DAB791A00E15336 /* LaunchScreen.storyboard in Resources */,
				BAFCDE721DAB791A00E15336 /* Assets.xcassets in Resources */,
				BAFCDE701DAB791A00E15336 /* Main.storyboard in Resources */,
			);
			runOnlyForDeploymentPostprocessing = 0;
		};
/* End PBXResourcesBuildPhase section */

/* Begin PBXSourcesBuildPhase section */
		BAFCDE5E1DAB791A00E15336 /* Sources */ = {
			isa = PBXSourcesBuildPhase;
			buildActionMask = 2147483647;
			files = (
				BAFCDE6D1DAB791A00E15336 /* ViewController.m in Sources */,
				BAFCDE6A1DAB791A00E15336 /* AppDelegate.m in Sources */,
				BAFCDE811DAB7A0600E15336 /* Person.m in Sources */,
				BAFCDE7E1DAB79E700E15336 /* RootViewController.m in Sources */,
				BAFCDE671DAB791A00E15336 /* main.m in Sources */,
			);
			runOnlyForDeploymentPostprocessing = 0;
		};
/* End PBXSourcesBuildPhase section */

/* Begin PBXVariantGroup section */
		BAFCDE6E1DAB791A00E15336 /* Main.storyboard */ = {
			isa = PBXVariantGroup;
			children = (
				BAFCDE6F1DAB791A00E15336 /* Base */,
			);
			name = Main.storyboard;
			sourceTree = "<group>";
		};
		BAFCDE731DAB791A00E15336 /* LaunchScreen.storyboard */ = {
			isa = PBXVariantGroup;
			children = (
				BAFCDE741DAB791A00E15336 /* Base */,
			);
			name = LaunchScreen.storyboard;
			sourceTree = "<group>";
		};
/* End PBXVariantGroup section */

/* Begin XCBuildConfiguration section */
		BAFCDE771DAB791A00E15336 /* Debug */ = {
			isa = XCBuildConfiguration;
			buildSettings = {
				ALWAYS_SEARCH_USER_PATHS = NO;
				CLANG_ANALYZER_NONNULL = YES;
				CLANG_CXX_LANGUAGE_STANDARD = "gnu++0x";
				CLANG_CXX_LIBRARY = "libc++";
				CLANG_ENABLE_MODULES = YES;
				CLANG_ENABLE_OBJC_ARC = YES;
				CLANG_WARN_BOOL_CONVERSION = YES;
				CLANG_WARN_CONSTANT_CONVERSION = YES;
				CLANG_WARN_DIRECT_OBJC_ISA_USAGE = YES_ERROR;
				CLANG_WARN_DOCUMENTATION_COMMENTS = YES;
				CLANG_WARN_EMPTY_BODY = YES;
				CLANG_WARN_ENUM_CONVERSION = YES;
				CLANG_WARN_INFINITE_RECURSION = YES;
				CLANG_WARN_INT_CONVERSION = YES;
				CLANG_WARN_OBJC_ROOT_CLASS = YES_ERROR;
				CLANG_WARN_SUSPICIOUS_MOVES = YES;
				CLANG_WARN_UNREACHABLE_CODE = YES;
				CLANG_WARN__DUPLICATE_METHOD_MATCH = YES;
				"CODE_SIGN_IDENTITY[sdk=iphoneos*]" = "iPhone Developer";
				COPY_PHASE_STRIP = NO;
				DEBUG_INFORMATION_FORMAT = dwarf;
				ENABLE_STRICT_OBJC_MSGSEND = YES;
				ENABLE_TESTABILITY = YES;
				GCC_C_LANGUAGE_STANDARD = gnu99;
				GCC_DYNAMIC_NO_PIC = NO;
				GCC_NO_COMMON_BLOCKS = YES;
				GCC_OPTIMIZATION_LEVEL = 0;
				GCC_PREPROCESSOR_DEFINITIONS = (
					"DEBUG=1",
					"$(inherited)",
				);
				GCC_WARN_64_TO_32_BIT_CONVERSION = YES;
				GCC_WARN_ABOUT_RETURN_TYPE = YES_ERROR;
				GCC_WARN_UNDECLARED_SELECTOR = YES;
				GCC_WARN_UNINITIALIZED_AUTOS = YES_AGGRESSIVE;
				GCC_WARN_UNUSED_FUNCTION = YES;
				GCC_WARN_UNUSED_VARIABLE = YES;
				IPHONEOS_DEPLOYMENT_TARGET = 10.0;
				MTL_ENABLE_DEBUG_INFO = YES;
				ONLY_ACTIVE_ARCH = YES;
				SDKROOT = iphoneos;
				TARGETED_DEVICE_FAMILY = "1,2";
			};
			name = Debug;
		};
		BAFCDE781DAB791A00E15336 /* Release */ = {
			isa = XCBuildConfiguration;
			buildSettings = {
				ALWAYS_SEARCH_USER_PATHS = NO;
				CLANG_ANALYZER_NONNULL = YES;
				CLANG_CXX_LANGUAGE_STANDARD = "gnu++0x";
				CLANG_CXX_LIBRARY = "libc++";
				CLANG_ENABLE_MODULES = YES;
				CLANG_ENABLE_OBJC_ARC = YES;
				CLANG_WARN_BOOL_CONVERSION = YES;
				CLANG_WARN_CONSTANT_CONVERSION = YES;
				CLANG_WARN_DIRECT_OBJC_ISA_USAGE = YES_ERROR;
				CLANG_WARN_DOCUMENTATION_COMMENTS = YES;
				CLANG_WARN_EMPTY_BODY = YES;
				CLANG_WARN_ENUM_CONVERSION = YES;
				CLANG_WARN_INFINITE_RECURSION = YES;
				CLANG_WARN_INT_CONVERSION = YES;
				CLANG_WARN_OBJC_ROOT_CLASS = YES_ERROR;
				CLANG_WARN_SUSPICIOUS_MOVES = YES;
				CLANG_WARN_UNREACHABLE_CODE = YES;
				CLANG_WARN__DUPLICATE_METHOD_MATCH = YES;
				"CODE_SIGN_IDENTITY[sdk=iphoneos*]" = "iPhone Developer";
				COPY_PHASE_STRIP = NO;
				DEBUG_INFORMATION_FORMAT = "dwarf-with-dsym";
				ENABLE_NS_ASSERTIONS = NO;
				ENABLE_STRICT_OBJC_MSGSEND = YES;
				GCC_C_LANGUAGE_STANDARD = gnu99;
				GCC_NO_COMMON_BLOCKS = YES;
				GCC_WARN_64_TO_32_BIT_CONVERSION = YES;
				GCC_WARN_ABOUT_RETURN_TYPE = YES_ERROR;
				GCC_WARN_UNDECLARED_SELECTOR = YES;
				GCC_WARN_UNINITIALIZED_AUTOS = YES_AGGRESSIVE;
				GCC_WARN_UNUSED_FUNCTION = YES;
				GCC_WARN_UNUSED_VARIABLE = YES;
				IPHONEOS_DEPLOYMENT_TARGET = 10.0;
				MTL_ENABLE_DEBUG_INFO = NO;
				SDKROOT = iphoneos;
				TARGETED_DEVICE_FAMILY = "1,2";
				VALIDATE_PRODUCT = YES;
			};
			name = Release;
		};
		BAFCDE7A1DAB791A00E15336 /* Debug */ = {
			isa = XCBuildConfiguration;
			buildSettings = {
				ASSETCATALOG_COMPILER_APPICON_NAME = AppIcon;
				INFOPLIST_FILE = Block/Info.plist;
				LD_RUNPATH_SEARCH_PATHS = "$(inherited) @executable_path/Frameworks";
				PRODUCT_BUNDLE_IDENTIFIER = YouKu.Block;
				PRODUCT_NAME = "$(TARGET_NAME)";
			};
			name = Debug;
		};
		BAFCDE7B1DAB791A00E15336 /* Release */ = {
			isa = XCBuildConfiguration;
			buildSettings = {
				ASSETCATALOG_COMPILER_APPICON_NAME = AppIcon;
				INFOPLIST_FILE = Block/Info.plist;
				LD_RUNPATH_SEARCH_PATHS = "$(inherited) @executable_path/Frameworks";
				PRODUCT_BUNDLE_IDENTIFIER = YouKu.Block;
				PRODUCT_NAME = "$(TARGET_NAME)";
			};
			name = Release;
		};
/* End XCBuildConfiguration section */

/* Begin XCConfigurationList section */
		BAFCDE5D1DAB791A00E15336 /* Build configuration list for PBXProject "Block" */ = {
			isa = XCConfigurationList;
			buildConfigurations = (
				BAFCDE771DAB791A00E15336 /* Debug */,
				BAFCDE781DAB791A00E15336 /* Release */,
			);
			defaultConfigurationIsVisible = 0;
			defaultConfigurationName = Release;
		};
		BAFCDE791DAB791A00E15336 /* Build configuration list for PBXNativeTarget "Block" */ = {
			isa = XCConfigurationList;
			buildConfigurations = (
				BAFCDE7A1DAB791A00E15336 /* Debug */,
				BAFCDE7B1DAB791A00E15336 /* Release */,
			);
			defaultConfigurationIsVisible = 0;
		};
/* End XCConfigurationList section */
	};
	rootObject = BAFCDE5A1DAB791A00E15336 /* Project object */;
}
